
Microsoft Visual Studio Solution File, Format Version 12.00
# Visual Studio 15
VisualStudioVersion = 15.0.28307.852
MinimumVisualStudioVersion = 10.0.40219.1
Project("{FAE04EC0-301F-11D3-BF4B-00C04F79EFBC}") = "StructuredDataForBusinessEntry", "StructuredDataForBusinessEntry\StructuredDataForBusinessEntry.csproj", "{61089511-384F-4B44-B465-72A4593B007B}"
EndProject
Project("{FAE04EC0-301F-11D3-BF4B-00C04F79EFBC}") = "StructuredDataForBusinessEntry.Tests", "StructuredDataForBusinessEntry.Tests\StructuredDataForBusinessEntry.Tests.csproj", "{5A8D00BD-7980-4CCF-9A0C-7A0F37EDCC5B}"
EndProject
Global
	GlobalSection(SolutionConfigurationPlatforms) = preSolution
		Debug|Any CPU = Debug|Any CPU
		Release|Any CPU = Release|Any CPU
	EndGlobalSection
	GlobalSection(ProjectConfigurationPlatforms) = postSolution
		{61089511-384F-4B44-B465-72A4593B007B}.Debug|Any CPU.ActiveCfg = Debug|Any CPU
		{61089511-384F-4B44-B465-72A4593B007B}.Debug|Any CPU.Build.0 = Debug|Any CPU
		{61089511-384F-4B44-B465-72A4593B007B}.Release|Any CPU.ActiveCfg = Release|Any CPU
		{61089511-384F-4B44-B465-72A4593B007B}.Release|Any CPU.Build.0 = Release|Any CPU
		{5A8D00BD-7980-4CCF-9A0C-7A0F37EDCC5B}.Debug|Any CPU.ActiveCfg = Debug|Any CPU
		{5A8D00BD-7980-4CCF-9A0C-7A0F37EDCC5B}.Debug|Any CPU.Build.0 = Debug|Any CPU
		{5A8D00BD-7980-4CCF-9A0C-7A0F37EDCC5B}.Release|Any CPU.ActiveCfg = Release|Any CPU
		{5A8D00BD-7980-4CCF-9A0C-7A0F37EDCC5B}.Release|Any CPU.Build.0 = Release|Any CPU
	EndGlobalSection
	GlobalSection(SolutionProperties) = preSolution
		HideSolutionNode = FALSE
	EndGlobalSection
	GlobalSection(ExtensibilityGlobals) = postSolution
		SolutionGuid = {62D848F5-C38F-4A53-AB3C-31BE949C834E}
	EndGlobalSection
EndGlobal
